// !$*UTF8*$!
{
	archiveVersion = 1;
	classes = {
	};
	objectVersion = 56;
	objects = {

/* Begin PBXBuildFile section */
		EA9780FE2C41D033006B0833 /* Assets.xcassets in Resources */ = {isa = PBXBuildFile; fileRef = EA9780FD2C41D033006B0833 /* Assets.xcassets */; };
		EA9781022C41D396006B0833 /* Launch Screen.storyboard in Resources */ = {isa = PBXBuildFile; fileRef = EA9781012C41D396006B0833 /* Launch Screen.storyboard */; };
		EA9781032C41DA37006B0833 /* ContentView.swift in Sources */ = {isa = PBXBuildFile; fileRef = EAF7203D2C411F860023A1C5 /* ContentView.swift */; };
		EAF7203C2C411F860023A1C5 /* learn_iOSApp.swift in Sources */ = {isa = PBXBuildFile; fileRef = EAF7203B2C411F860023A1C5 /* learn_iOSApp.swift */; };
		EAF7204E2C4122A70023A1C5 /* PlayerModel.swift in Sources */ = {isa = PBXBuildFile; fileRef = EAF7204D2C4122A70023A1C5 /* PlayerModel.swift */; };
		EAF720542C4134CD0023A1C5 /* PlayerRow.swift in Sources */ = {isa = PBXBuildFile; fileRef = EAF720532C4134CC0023A1C5 /* PlayerRow.swift */; };
		EAF720562C4135A70023A1C5 /* StarRating.swift in Sources */ = {isa = PBXBuildFile; fileRef = EAF720552C4135A60023A1C5 /* StarRating.swift */; };
		EAF720582C413B6B0023A1C5 /* PlayerDetail.swift in Sources */ = {isa = PBXBuildFile; fileRef = EAF720572C413B6B0023A1C5 /* PlayerDetail.swift */; };
		EAF7205A2C41402E0023A1C5 /* Profile.swift in Sources */ = {isa = PBXBuildFile; fileRef = EAF720592C41402E0023A1C5 /* Profile.swift */; };
		EAF7205D2C4151000023A1C5 /* WebView.swift in Sources */ = {isa = PBXBuildFile; fileRef = EAF7205C2C4151000023A1C5 /* WebView.swift */; };
		EAF720632C4160580023A1C5 /* FavoritePlayers.swift in Sources */ = {isa = PBXBuildFile; fileRef = EAF720622C4160580023A1C5 /* FavoritePlayers.swift */; };
/* End PBXBuildFile section */

/* Begin PBXFileReference section */
		EA9780FD2C41D033006B0833 /* Assets.xcassets */ = {isa = PBXFileReference; lastKnownFileType = folder.assetcatalog; path = Assets.xcassets; sourceTree = "<group>"; };
		EA9781002C41D206006B0833 /* Preview Assets.xcassets */ = {isa = PBXFileReference; lastKnownFileType = folder.assetcatalog; path = "Preview Assets.xcassets"; sourceTree = "<group>"; };
		EA9781012C41D396006B0833 /* Launch Screen.storyboard */ = {isa = PBXFileReference; lastKnownFileType = file.storyboard; path = "Launch Screen.storyboard"; sourceTree = "<group>"; };
		EA9781072C41DE09006B0833 /* home.png */ = {isa = PBXFileReference; lastKnownFileType = image.png; name = home.png; path = ../../../../../../../../var/folders/b8/5mb145nj6cz_15vvnmwt9st40000gn/T/home.png; sourceTree = "<group>"; };
		EA9781082C41DE3B006B0833 /* detail.png */ = {isa = PBXFileReference; lastKnownFileType = image.png; name = detail.png; path = ../../../../../../../../var/folders/b8/5mb145nj6cz_15vvnmwt9st40000gn/T/detail.png; sourceTree = "<group>"; };
		EA97810A2C41DE4B006B0833 /* profile.png */ = {isa = PBXFileReference; lastKnownFileType = image.png; name = profile.png; path = ../../../../../../../../var/folders/b8/5mb145nj6cz_15vvnmwt9st40000gn/T/profile.png; sourceTree = "<group>"; };
		EA97810C2C41DEA7006B0833 /* README.md */ = {isa = PBXFileReference; lastKnownFileType = net.daringfireball.markdown; path = README.md; sourceTree = "<group>"; };
		EAF720382C411F860023A1C5 /* learn-iOS.app */ = {isa = PBXFileReference; explicitFileType = wrapper.application; includeInIndex = 0; path = "learn-iOS.app"; sourceTree = BUILT_PRODUCTS_DIR; };
		EAF7203B2C411F860023A1C5 /* learn_iOSApp.swift */ = {isa = PBXFileReference; lastKnownFileType = sourcecode.swift; path = learn_iOSApp.swift; sourceTree = "<group>"; };
		EAF7203D2C411F860023A1C5 /* ContentView.swift */ = {isa = PBXFileReference; lastKnownFileType = sourcecode.swift; path = ContentView.swift; sourceTree = "<group>"; };
		EAF7204D2C4122A70023A1C5 /* PlayerModel.swift */ = {isa = PBXFileReference; lastKnownFileType = sourcecode.swift; path = PlayerModel.swift; sourceTree = "<group>"; };
		EAF720532C4134CC0023A1C5 /* PlayerRow.swift */ = {isa = PBXFileReference; lastKnownFileType = sourcecode.swift; path = PlayerRow.swift; sourceTree = "<group>"; };
		EAF720552C4135A60023A1C5 /* StarRating.swift */ = {isa = PBXFileReference; lastKnownFileType = sourcecode.swift; path = StarRating.swift; sourceTree = "<group>"; };
		EAF720572C413B6B0023A1C5 /* PlayerDetail.swift */ = {isa = PBXFileReference; lastKnownFileType = sourcecode.swift; path = PlayerDetail.swift; sourceTree = "<group>"; };
		EAF720592C41402E0023A1C5 /* Profile.swift */ = {isa = PBXFileReference; lastKnownFileType = sourcecode.swift; path = Profile.swift; sourceTree = "<group>"; };
		EAF7205C2C4151000023A1C5 /* WebView.swift */ = {isa = PBXFileReference; lastKnownFileType = sourcecode.swift; path = WebView.swift; sourceTree = "<group>"; };
		EAF720622C4160580023A1C5 /* FavoritePlayers.swift */ = {isa = PBXFileReference; lastKnownFileType = sourcecode.swift; path = FavoritePlayers.swift; sourceTree = "<group>"; };
		EAF720642C4179960023A1C5 /* Info.plist */ = {isa = PBXFileReference; lastKnownFileType = text.plist; path = Info.plist; sourceTree = "<group>"; };
/* End PBXFileReference section */

/* Begin PBXFrameworksBuildPhase section */
		EAF720352C411F860023A1C5 /* Frameworks */ = {
			isa = PBXFrameworksBuildPhase;
			buildActionMask = 2147483647;
			files = (
			);
			runOnlyForDeploymentPostprocessing = 0;
		};
/* End PBXFrameworksBuildPhase section */

/* Begin PBXGroup section */
		EA9780FF2C41D1FC006B0833 /* Preview Content */ = {
			isa = PBXGroup;
			children = (
				EA9781002C41D206006B0833 /* Preview Assets.xcassets */,
			);
			path = "Preview Content";
			sourceTree = "<group>";
		};
		EA9781062C41DE01006B0833 /* Screenshot */ = {
			isa = PBXGroup;
			children = (
				EA9781072C41DE09006B0833 /* home.png */,
				EA9781082C41DE3B006B0833 /* detail.png */,
				EA97810A2C41DE4B006B0833 /* profile.png */,
			);
			path = Screenshot;
			sourceTree = "<group>";
		};
		EAF7202F2C411F860023A1C5 = {
			isa = PBXGroup;
			children = (
				EA9781062C41DE01006B0833 /* Screenshot */,
				EA97810C2C41DEA7006B0833 /* README.md */,
				EAF7203A2C411F860023A1C5 /* learn-iOS */,
				EAF720392C411F860023A1C5 /* Products */,
			);
			sourceTree = "<group>";
		};
		EAF720392C411F860023A1C5 /* Products */ = {
			isa = PBXGroup;
			children = (
				EAF720382C411F860023A1C5 /* learn-iOS.app */,
			);
			name = Products;
			sourceTree = "<group>";
		};
		EAF7203A2C411F860023A1C5 /* learn-iOS */ = {
			isa = PBXGroup;
			children = (
				EAF720642C4179960023A1C5 /* Info.plist */,
				EAF720502C4134720023A1C5 /* View */,
				EAF7204F2C41345C0023A1C5 /* Model */,
				EAF7203B2C411F860023A1C5 /* learn_iOSApp.swift */,
				EAF7203D2C411F860023A1C5 /* ContentView.swift */,
				EA9780FD2C41D033006B0833 /* Assets.xcassets */,
				EA9781012C41D396006B0833 /* Launch Screen.storyboard */,
				EA9780FF2C41D1FC006B0833 /* Preview Content */,
			);
			path = "learn-iOS";
			sourceTree = "<group>";
		};
		EAF7204F2C41345C0023A1C5 /* Model */ = {
			isa = PBXGroup;
			children = (
				EAF7204D2C4122A70023A1C5 /* PlayerModel.swift */,
			);
			path = Model;
			sourceTree = "<group>";
		};
		EAF720502C4134720023A1C5 /* View */ = {
			isa = PBXGroup;
			children = (
				EAF7205B2C4150EB0023A1C5 /* components */,
				EAF720532C4134CC0023A1C5 /* PlayerRow.swift */,
				EAF720572C413B6B0023A1C5 /* PlayerDetail.swift */,
				EAF720592C41402E0023A1C5 /* Profile.swift */,
				EAF720622C4160580023A1C5 /* FavoritePlayers.swift */,
			);
			path = View;
			sourceTree = "<group>";
		};
		EAF7205B2C4150EB0023A1C5 /* components */ = {
			isa = PBXGroup;
			children = (
				EAF720552C4135A60023A1C5 /* StarRating.swift */,
				EAF7205C2C4151000023A1C5 /* WebView.swift */,
			);
			path = components;
			sourceTree = "<group>";
		};
/* End PBXGroup section */

/* Begin PBXNativeTarget section */
		EAF720372C411F860023A1C5 /* learn-iOS */ = {
			isa = PBXNativeTarget;
			buildConfigurationList = EAF720462C411F880023A1C5 /* Build configuration list for PBXNativeTarget "learn-iOS" */;
			buildPhases = (
				EAF720342C411F860023A1C5 /* Sources */,
				EAF720352C411F860023A1C5 /* Frameworks */,
				EAF720362C411F860023A1C5 /* Resources */,
			);
			buildRules = (
			);
			dependencies = (
			);
			name = "learn-iOS";
			productName = "learn-iOS";
			productReference = EAF720382C411F860023A1C5 /* learn-iOS.app */;
			productType = "com.apple.product-type.application";
		};
/* End PBXNativeTarget section */

/* Begin PBXProject section */
		EAF720302C411F860023A1C5 /* Project object */ = {
			isa = PBXProject;
			attributes = {
				BuildIndependentTargetsInParallel = 1;
				LastSwiftUpdateCheck = 1540;
				LastUpgradeCheck = 1540;
				TargetAttributes = {
					EAF720372C411F860023A1C5 = {
						CreatedOnToolsVersion = 15.4;
					};
				};
			};
			buildConfigurationList = EAF720332C411F860023A1C5 /* Build configuration list for PBXProject "learn-iOS" */;
			compatibilityVersion = "Xcode 14.0";
			developmentRegion = en;
			hasScannedForEncodings = 0;
			knownRegions = (
				en,
				Base,
			);
			mainGroup = EAF7202F2C411F860023A1C5;
			productRefGroup = EAF720392C411F860023A1C5 /* Products */;
			projectDirPath = "";
			projectRoot = "";
			targets = (
				EAF720372C411F860023A1C5 /* learn-iOS */,
			);
		};
/* End PBXProject section */

/* Begin PBXResourcesBuildPhase section */
		EAF720362C411F860023A1C5 /* Resources */ = {
			isa = PBXResourcesBuildPhase;
			buildActionMask = 2147483647;
			files = (
				EA9781022C41D396006B0833 /* Launch Screen.storyboard in Resources */,
				EA9780FE2C41D033006B0833 /* Assets.xcassets in Resources */,
			);
			runOnlyForDeploymentPostprocessing = 0;
		};
/* End PBXResourcesBuildPhase section */

/* Begin PBXSourcesBuildPhase section */
		EAF720342C411F860023A1C5 /* Sources */ = {
			isa = PBXSourcesBuildPhase;
			buildActionMask = 2147483647;
			files = (
				EAF7204E2C4122A70023A1C5 /* PlayerModel.swift in Sources */,
				EAF7205D2C4151000023A1C5 /* WebView.swift in Sources */,
				EAF720562C4135A70023A1C5 /* StarRating.swift in Sources */,
				EAF720582C413B6B0023A1C5 /* PlayerDetail.swift in Sources */,
				EAF7205A2C41402E0023A1C5 /* Profile.swift in Sources */,
				EA9781032C41DA37006B0833 /* ContentView.swift in Sources */,
				EAF720542C4134CD0023A1C5 /* PlayerRow.swift in Sources */,
				EAF720632C4160580023A1C5 /* FavoritePlayers.swift in Sources */,
				EAF7203C2C411F860023A1C5 /* learn_iOSApp.swift in Sources */,
			);
			runOnlyForDeploymentPostprocessing = 0;
		};
/* End PBXSourcesBuildPhase section */

/* Begin XCBuildConfiguration section */
		EAF720442C411F880023A1C5 /* Debug */ = {
			isa = XCBuildConfiguration;
			buildSettings = {
				ALWAYS_SEARCH_USER_PATHS = NO;
				ASSETCATALOG_COMPILER_GENERATE_SWIFT_ASSET_SYMBOL_EXTENSIONS = YES;
				CLANG_ANALYZER_NONNULL = YES;
				CLANG_ANALYZER_NUMBER_OBJECT_CONVERSION = YES_AGGRESSIVE;
				CLANG_CXX_LANGUAGE_STANDARD = "gnu++20";
				CLANG_ENABLE_MODULES = YES;
				CLANG_ENABLE_OBJC_ARC = YES;
				CLANG_ENABLE_OBJC_WEAK = YES;
				CLANG_WARN_BLOCK_CAPTURE_AUTORELEASING = YES;
				CLANG_WARN_BOOL_CONVERSION = YES;
				CLANG_WARN_COMMA = YES;
				CLANG_WARN_CONSTANT_CONVERSION = YES;
				CLANG_WARN_DEPRECATED_OBJC_IMPLEMENTATIONS = YES;
				CLANG_WARN_DIRECT_OBJC_ISA_USAGE = YES_ERROR;
				CLANG_WARN_DOCUMENTATION_COMMENTS = YES;
				CLANG_WARN_EMPTY_BODY = YES;
				CLANG_WARN_ENUM_CONVERSION = YES;
				CLANG_WARN_INFINITE_RECURSION = YES;
				CLANG_WARN_INT_CONVERSION = YES;
				CLANG_WARN_NON_LITERAL_NULL_CONVERSION = YES;
				CLANG_WARN_OBJC_IMPLICIT_RETAIN_SELF = YES;
				CLANG_WARN_OBJC_LITERAL_CONVERSION = YES;
				CLANG_WARN_OBJC_ROOT_CLASS = YES_ERROR;
				CLANG_WARN_QUOTED_INCLUDE_IN_FRAMEWORK_HEADER = YES;
				CLANG_WARN_RANGE_LOOP_ANALYSIS = YES;
				CLANG_WARN_STRICT_PROTOTYPES = YES;
				CLANG_WARN_SUSPICIOUS_MOVE = YES;
				CLANG_WARN_UNGUARDED_AVAILABILITY = YES_AGGRESSIVE;
				CLANG_WARN_UNREACHABLE_CODE = YES;
				CLANG_WARN__DUPLICATE_METHOD_MATCH = YES;
				COPY_PHASE_STRIP = NO;
				DEBUG_INFORMATION_FORMAT = dwarf;
				ENABLE_PREVIEWS = YES;
				ENABLE_STRICT_OBJC_MSGSEND = YES;
				ENABLE_TESTABILITY = YES;
				ENABLE_USER_SCRIPT_SANDBOXING = YES;
				GCC_C_LANGUAGE_STANDARD = gnu17;
				GCC_DYNAMIC_NO_PIC = NO;
				GCC_NO_COMMON_BLOCKS = YES;
				GCC_OPTIMIZATION_LEVEL = 0;
				GCC_PREPROCESSOR_DEFINITIONS = (
					"DEBUG=1",
					"$(inherited)",
				);
				GCC_WARN_64_TO_32_BIT_CONVERSION = YES;
				GCC_WARN_ABOUT_RETURN_TYPE = YES_ERROR;
				GCC_WARN_UNDECLARED_SELECTOR = YES;
				GCC_WARN_UNINITIALIZED_AUTOS = YES_AGGRESSIVE;
				GCC_WARN_UNUSED_FUNCTION = YES;
				GCC_WARN_UNUSED_VARIABLE = YES;
				IPHONEOS_DEPLOYMENT_TARGET = 17.5;
				LOCALIZATION_PREFERS_STRING_CATALOGS = YES;
				MTL_ENABLE_DEBUG_INFO = INCLUDE_SOURCE;
				MTL_FAST_MATH = YES;
				ONLY_ACTIVE_ARCH = YES;
				SDKROOT = iphoneos;
				SWIFT_ACTIVE_COMPILATION_CONDITIONS = "DEBUG $(inherited)";
				SWIFT_OPTIMIZATION_LEVEL = "-Onone";
			};
			name = Debug;
		};
		EAF720452C411F880023A1C5 /* Release */ = {
			isa = XCBuildConfiguration;
			buildSettings = {
				ALWAYS_SEARCH_USER_PATHS = NO;
				ASSETCATALOG_COMPILER_GENERATE_SWIFT_ASSET_SYMBOL_EXTENSIONS = YES;
				CLANG_ANALYZER_NONNULL = YES;
				CLANG_ANALYZER_NUMBER_OBJECT_CONVERSION = YES_AGGRESSIVE;
				CLANG_CXX_LANGUAGE_STANDARD = "gnu++20";
				CLANG_ENABLE_MODULES = YES;
				CLANG_ENABLE_OBJC_ARC = YES;
				CLANG_ENABLE_OBJC_WEAK = YES;
				CLANG_WARN_BLOCK_CAPTURE_AUTORELEASING = YES;
				CLANG_WARN_BOOL_CONVERSION = YES;
				CLANG_WARN_COMMA = YES;
				CLANG_WARN_CONSTANT_CONVERSION = YES;
				CLANG_WARN_DEPRECATED_OBJC_IMPLEMENTATIONS = YES;
				CLANG_WARN_DIRECT_OBJC_ISA_USAGE = YES_ERROR;
				CLANG_WARN_DOCUMENTATION_COMMENTS = YES;
				CLANG_WARN_EMPTY_BODY = YES;
				CLANG_WARN_ENUM_CONVERSION = YES;
				CLANG_WARN_INFINITE_RECURSION = YES;
				CLANG_WARN_INT_CONVERSION = YES;
				CLANG_WARN_NON_LITERAL_NULL_CONVERSION = YES;
				CLANG_WARN_OBJC_IMPLICIT_RETAIN_SELF = YES;
				CLANG_WARN_OBJC_LITERAL_CONVERSION = YES;
				CLANG_WARN_OBJC_ROOT_CLASS = YES_ERROR;
				CLANG_WARN_QUOTED_INCLUDE_IN_FRAMEWORK_HEADER = YES;
				CLANG_WARN_RANGE_LOOP_ANALYSIS = YES;
				CLANG_WARN_STRICT_PROTOTYPES = YES;
				CLANG_WARN_SUSPICIOUS_MOVE = YES;
				CLANG_WARN_UNGUARDED_AVAILABILITY = YES_AGGRESSIVE;
				CLANG_WARN_UNREACHABLE_CODE = YES;
				CLANG_WARN__DUPLICATE_METHOD_MATCH = YES;
				COPY_PHASE_STRIP = NO;
				DEBUG_INFORMATION_FORMAT = "dwarf-with-dsym";
				ENABLE_NS_ASSERTIONS = NO;
				ENABLE_PREVIEWS = YES;
				ENABLE_STRICT_OBJC_MSGSEND = YES;
				ENABLE_USER_SCRIPT_SANDBOXING = YES;
				GCC_C_LANGUAGE_STANDARD = gnu17;
				GCC_NO_COMMON_BLOCKS = YES;
				GCC_WARN_64_TO_32_BIT_CONVERSION = YES;
				GCC_WARN_ABOUT_RETURN_TYPE = YES_ERROR;
				GCC_WARN_UNDECLARED_SELECTOR = YES;
				GCC_WARN_UNINITIALIZED_AUTOS = YES_AGGRESSIVE;
				GCC_WARN_UNUSED_FUNCTION = YES;
				GCC_WARN_UNUSED_VARIABLE = YES;
				IPHONEOS_DEPLOYMENT_TARGET = 17.5;
				LOCALIZATION_PREFERS_STRING_CATALOGS = YES;
				MTL_ENABLE_DEBUG_INFO = NO;
				MTL_FAST_MATH = YES;
				SDKROOT = iphoneos;
				SWIFT_COMPILATION_MODE = wholemodule;
				VALIDATE_PRODUCT = YES;
			};
			name = Release;
		};
		EAF720472C411F880023A1C5 /* Debug */ = {
			isa = XCBuildConfiguration;
			buildSettings = {
				ASSETCATALOG_COMPILER_APPICON_NAME = AppIcon;
				ASSETCATALOG_COMPILER_GLOBAL_ACCENT_COLOR_NAME = AccentColor;
				CODE_SIGN_STYLE = Automatic;
				CURRENT_PROJECT_VERSION = 1;
				DEVELOPMENT_ASSET_PATHS = "\"learn-iOS/Preview Content\"";
				DEVELOPMENT_TEAM = BVPC6QX93W;
				ENABLE_PREVIEWS = YES;
				GENERATE_INFOPLIST_FILE = YES;
				INFOPLIST_FILE = "learn-iOS/Info.plist";
				INFOPLIST_KEY_UIApplicationSceneManifest_Generation = YES;
				INFOPLIST_KEY_UIApplicationSupportsIndirectInputEvents = YES;
				INFOPLIST_KEY_UILaunchScreen_Generation = YES;
				INFOPLIST_KEY_UILaunchStoryboardName = "Launch Screen.storyboard";
				INFOPLIST_KEY_UISupportedInterfaceOrientations_iPad = "UIInterfaceOrientationPortrait UIInterfaceOrientationPortraitUpsideDown UIInterfaceOrientationLandscapeLeft UIInterfaceOrientationLandscapeRight";
				INFOPLIST_KEY_UISupportedInterfaceOrientations_iPhone = "UIInterfaceOrientationPortrait UIInterfaceOrientationLandscapeLeft UIInterfaceOrientationLandscapeRight";
				IPHONEOS_DEPLOYMENT_TARGET = 16.0;
				LD_RUNPATH_SEARCH_PATHS = (
					"$(inherited)",
					"@executable_path/Frameworks",
				);
				MARKETING_VERSION = 1.0;
				PRODUCT_BUNDLE_IDENTIFIER = "com.rickyprimay.learn-iOS";
				PRODUCT_NAME = "$(TARGET_NAME)";
				SWIFT_EMIT_LOC_STRINGS = YES;
				SWIFT_VERSION = 5.0;
				TARGETED_DEVICE_FAMILY = "1,2";
			};
			name = Debug;
		};
		EAF720482C411F880023A1C5 /* Release */ = {
			isa = XCBuildConfiguration;
			buildSettings = {
				ASSETCATALOG_COMPILER_APPICON_NAME = AppIcon;
				ASSETCATALOG_COMPILER_GLOBAL_ACCENT_COLOR_NAME = AccentColor;
				CODE_SIGN_STYLE = Automatic;
				CURRENT_PROJECT_VERSION = 1;
				DEVELOPMENT_ASSET_PATHS = "\"learn-iOS/Preview Content\"";
				DEVELOPMENT_TEAM = BVPC6QX93W;
				ENABLE_PREVIEWS = YES;
				GENERATE_INFOPLIST_FILE = YES;
				INFOPLIST_FILE = "learn-iOS/Info.plist";
				INFOPLIST_KEY_UIApplicationSceneManifest_Generation = YES;
				INFOPLIST_KEY_UIApplicationSupportsIndirectInputEvents = YES;
				INFOPLIST_KEY_UILaunchScreen_Generation = YES;
				INFOPLIST_KEY_UILaunchStoryboardName = "Launch Screen.storyboard";
				INFOPLIST_KEY_UISupportedInterfaceOrientations_iPad = "UIInterfaceOrientationPortrait UIInterfaceOrientationPortraitUpsideDown UIInterfaceOrientationLandscapeLeft UIInterfaceOrientationLandscapeRight";
				INFOPLIST_KEY_UISupportedInterfaceOrientations_iPhone = "UIInterfaceOrientationPortrait UIInterfaceOrientationLandscapeLeft UIInterfaceOrientationLandscapeRight";
				IPHONEOS_DEPLOYMENT_TARGET = 16.0;
				LD_RUNPATH_SEARCH_PATHS = (
					"$(inherited)",
					"@executable_path/Frameworks",
				);
				MARKETING_VERSION = 1.0;
				PRODUCT_BUNDLE_IDENTIFIER = "com.rickyprimay.learn-iOS";
				PRODUCT_NAME = "$(TARGET_NAME)";
				SWIFT_EMIT_LOC_STRINGS = YES;
				SWIFT_VERSION = 5.0;
				TARGETED_DEVICE_FAMILY = "1,2";
			};
			name = Release;
		};
/* End XCBuildConfiguration section */

/* Begin XCConfigurationList section */
		EAF720332C411F860023A1C5 /* Build configuration list for PBXProject "learn-iOS" */ = {
			isa = XCConfigurationList;
			buildConfigurations = (
				EAF720442C411F880023A1C5 /* Debug */,
				EAF720452C411F880023A1C5 /* Release */,
			);
			defaultConfigurationIsVisible = 0;
			defaultConfigurationName = Release;
		};
		EAF720462C411F880023A1C5 /* Build configuration list for PBXNativeTarget "learn-iOS" */ = {
			isa = XCConfigurationList;
			buildConfigurations = (
				EAF720472C411F880023A1C5 /* Debug */,
				EAF720482C411F880023A1C5 /* Release */,
			);
			defaultConfigurationIsVisible = 0;
			defaultConfigurationName = Release;
		};
/* End XCConfigurationList section */
	};
	rootObject = EAF720302C411F860023A1C5 /* Project object */;
}
